
Microsoft Visual Studio Solution File, Format Version 12.00
# Visual Studio Version 16
VisualStudioVersion = 16.0.31402.337
MinimumVisualStudioVersion = 10.0.40219.1
Project("{2150E333-8FDC-42A3-9474-1A3956D46DE8}") = "Services", "Services", "{664E1D71-074C-4CAD-9B37-9F1F3F6D7ADA}"
EndProject
Project("{2150E333-8FDC-42A3-9474-1A3956D46DE8}") = "Catalog", "Catalog", "{F68CBBD8-C34A-415D-BA98-B9E0685EE7AA}"
EndProject
Project("{9A19103F-16F7-4668-BE54-9A1E7A4F7556}") = "Catalog.API", "Services\Catalog\Catalog.API\Catalog.API.csproj", "{B3D09BEE-F115-4967-B3A9-C81A3F73D922}"
EndProject
Project("{E53339B2-1760-4266-BCC7-CA923CBCF16C}") = "docker-compose", "docker-compose.dcproj", "{385C84CE-BBA2-49C8-A15C-53166B2EDCE3}"
EndProject
Project("{2150E333-8FDC-42A3-9474-1A3956D46DE8}") = "Basket", "Basket", "{BE1AB55C-CF4D-4331-9283-1148A92A3903}"
EndProject
Project("{9A19103F-16F7-4668-BE54-9A1E7A4F7556}") = "Basket.API", "Services\Basket\Basket.API\Basket.API.csproj", "{0A873A27-7089-46AF-BD3B-E460BBBEFBA0}"
EndProject
Project("{2150E333-8FDC-42A3-9474-1A3956D46DE8}") = "Discount", "Discount", "{0CC485EA-7BD2-4EE9-9552-B766F5B9C21F}"
EndProject
Project("{9A19103F-16F7-4668-BE54-9A1E7A4F7556}") = "Discount.API", "Services\Discount\Discount.API\Discount.API.csproj", "{A58BA5A7-6788-4894-8542-DFB7358451B2}"
EndProject
Project("{9A19103F-16F7-4668-BE54-9A1E7A4F7556}") = "Discount.Grpc", "Services\Discount\Discount.Grpc\Discount.Grpc.csproj", "{E8406BEC-816A-430F-85EB-CF77463EEC51}"
EndProject
Project("{2150E333-8FDC-42A3-9474-1A3956D46DE8}") = "Ordering", "Ordering", "{F1EA97EB-A447-48EC-8B57-56E83C4B53F4}"
EndProject
Project("{9A19103F-16F7-4668-BE54-9A1E7A4F7556}") = "Ordering.API", "Services\Ordering\Ordering.API\Ordering.API.csproj", "{20D5A78A-20D8-4853-A6C8-CA29AB73F94A}"
EndProject
Project("{9A19103F-16F7-4668-BE54-9A1E7A4F7556}") = "Ordering.Domian", "Services\Ordering\Ordering.Domian\Ordering.Domian.csproj", "{5CE8C7EC-7466-4D7B-ACFF-27983990272D}"
EndProject
Project("{9A19103F-16F7-4668-BE54-9A1E7A4F7556}") = "Ordering.Application", "Services\Ordering\Ordering.Application\Ordering.Application.csproj", "{D40A03AD-87B8-4C9F-A346-5E9A765A14AB}"
EndProject
Project("{9A19103F-16F7-4668-BE54-9A1E7A4F7556}") = "Ordering.Infrastucture", "Services\Ordering\Ordering.Infrastucture\Ordering.Infrastucture.csproj", "{0563878C-DF86-4B34-A8B4-6882EF14D29D}"
EndProject
Project("{2150E333-8FDC-42A3-9474-1A3956D46DE8}") = "BuildingBlocks", "BuildingBlocks", "{9198F2D3-0221-45EA-98AA-40F8E0D86E7A}"
EndProject
Project("{9A19103F-16F7-4668-BE54-9A1E7A4F7556}") = "EventBus.Messages", "BuildingBlocks\EventBus.Messages\EventBus.Messages.csproj", "{2A887529-9CF5-492B-B8F1-EF4C06854D4A}"
EndProject
Project("{2150E333-8FDC-42A3-9474-1A3956D46DE8}") = "ApiGateways", "ApiGateways", "{FD58A92E-5AA4-41F4-80A3-3EE2431B8823}"
EndProject
Project("{9A19103F-16F7-4668-BE54-9A1E7A4F7556}") = "OcelotApiGw", "ApiGateways\OcelotApiGw\OcelotApiGw.csproj", "{2AE67BBF-58D1-4678-9584-EDC8C3624444}"
EndProject
Project("{FAE04EC0-301F-11D3-BF4B-00C04F79EFBC}") = "Shopping.Aggregator", "ApiGateways\Shopping.Aggregator\Shopping.Aggregator.csproj", "{A1F91B35-B973-4762-A007-56FE6165C1E8}"
EndProject
Global
	GlobalSection(SolutionConfigurationPlatforms) = preSolution
		Debug|Any CPU = Debug|Any CPU
		Release|Any CPU = Release|Any CPU
	EndGlobalSection
	GlobalSection(ProjectConfigurationPlatforms) = postSolution
		{B3D09BEE-F115-4967-B3A9-C81A3F73D922}.Debug|Any CPU.ActiveCfg = Debug|Any CPU
		{B3D09BEE-F115-4967-B3A9-C81A3F73D922}.Debug|Any CPU.Build.0 = Debug|Any CPU
		{B3D09BEE-F115-4967-B3A9-C81A3F73D922}.Release|Any CPU.ActiveCfg = Release|Any CPU
		{B3D09BEE-F115-4967-B3A9-C81A3F73D922}.Release|Any CPU.Build.0 = Release|Any CPU
		{385C84CE-BBA2-49C8-A15C-53166B2EDCE3}.Debug|Any CPU.ActiveCfg = Debug|Any CPU
		{385C84CE-BBA2-49C8-A15C-53166B2EDCE3}.Debug|Any CPU.Build.0 = Debug|Any CPU
		{385C84CE-BBA2-49C8-A15C-53166B2EDCE3}.Release|Any CPU.ActiveCfg = Release|Any CPU
		{385C84CE-BBA2-49C8-A15C-53166B2EDCE3}.Release|Any CPU.Build.0 = Release|Any CPU
		{0A873A27-7089-46AF-BD3B-E460BBBEFBA0}.Debug|Any CPU.ActiveCfg = Debug|Any CPU
		{0A873A27-7089-46AF-BD3B-E460BBBEFBA0}.Debug|Any CPU.Build.0 = Debug|Any CPU
		{0A873A27-7089-46AF-BD3B-E460BBBEFBA0}.Release|Any CPU.ActiveCfg = Release|Any CPU
		{0A873A27-7089-46AF-BD3B-E460BBBEFBA0}.Release|Any CPU.Build.0 = Release|Any CPU
		{A58BA5A7-6788-4894-8542-DFB7358451B2}.Debug|Any CPU.ActiveCfg = Debug|Any CPU
		{A58BA5A7-6788-4894-8542-DFB7358451B2}.Debug|Any CPU.Build.0 = Debug|Any CPU
		{A58BA5A7-6788-4894-8542-DFB7358451B2}.Release|Any CPU.ActiveCfg = Release|Any CPU
		{A58BA5A7-6788-4894-8542-DFB7358451B2}.Release|Any CPU.Build.0 = Release|Any CPU
		{E8406BEC-816A-430F-85EB-CF77463EEC51}.Debug|Any CPU.ActiveCfg = Debug|Any CPU
		{E8406BEC-816A-430F-85EB-CF77463EEC51}.Debug|Any CPU.Build.0 = Debug|Any CPU
		{E8406BEC-816A-430F-85EB-CF77463EEC51}.Release|Any CPU.ActiveCfg = Release|Any CPU
		{E8406BEC-816A-430F-85EB-CF77463EEC51}.Release|Any CPU.Build.0 = Release|Any CPU
		{20D5A78A-20D8-4853-A6C8-CA29AB73F94A}.Debug|Any CPU.ActiveCfg = Debug|Any CPU
		{20D5A78A-20D8-4853-A6C8-CA29AB73F94A}.Debug|Any CPU.Build.0 = Debug|Any CPU
		{20D5A78A-20D8-4853-A6C8-CA29AB73F94A}.Release|Any CPU.ActiveCfg = Release|Any CPU
		{20D5A78A-20D8-4853-A6C8-CA29AB73F94A}.Release|Any CPU.Build.0 = Release|Any CPU
		{5CE8C7EC-7466-4D7B-ACFF-27983990272D}.Debug|Any CPU.ActiveCfg = Debug|Any CPU
		{5CE8C7EC-7466-4D7B-ACFF-27983990272D}.Debug|Any CPU.Build.0 = Debug|Any CPU
		{5CE8C7EC-7466-4D7B-ACFF-27983990272D}.Release|Any CPU.ActiveCfg = Release|Any CPU
		{5CE8C7EC-7466-4D7B-ACFF-27983990272D}.Release|Any CPU.Build.0 = Release|Any CPU
		{D40A03AD-87B8-4C9F-A346-5E9A765A14AB}.Debug|Any CPU.ActiveCfg = Debug|Any CPU
		{D40A03AD-87B8-4C9F-A346-5E9A765A14AB}.Debug|Any CPU.Build.0 = Debug|Any CPU
		{D40A03AD-87B8-4C9F-A346-5E9A765A14AB}.Release|Any CPU.ActiveCfg = Release|Any CPU
		{D40A03AD-87B8-4C9F-A346-5E9A765A14AB}.Release|Any CPU.Build.0 = Release|Any CPU
		{0563878C-DF86-4B34-A8B4-6882EF14D29D}.Debug|Any CPU.ActiveCfg = Debug|Any CPU
		{0563878C-DF86-4B34-A8B4-6882EF14D29D}.Debug|Any CPU.Build.0 = Debug|Any CPU
		{0563878C-DF86-4B34-A8B4-6882EF14D29D}.Release|Any CPU.ActiveCfg = Release|Any CPU
		{0563878C-DF86-4B34-A8B4-6882EF14D29D}.Release|Any CPU.Build.0 = Release|Any CPU
		{2A887529-9CF5-492B-B8F1-EF4C06854D4A}.Debug|Any CPU.ActiveCfg = Debug|Any CPU
		{2A887529-9CF5-492B-B8F1-EF4C06854D4A}.Debug|Any CPU.Build.0 = Debug|Any CPU
		{2A887529-9CF5-492B-B8F1-EF4C06854D4A}.Release|Any CPU.ActiveCfg = Release|Any CPU
		{2A887529-9CF5-492B-B8F1-EF4C06854D4A}.Release|Any CPU.Build.0 = Release|Any CPU
		{2AE67BBF-58D1-4678-9584-EDC8C3624444}.Debug|Any CPU.ActiveCfg = Debug|Any CPU
		{2AE67BBF-58D1-4678-9584-EDC8C3624444}.Debug|Any CPU.Build.0 = Debug|Any CPU
		{2AE67BBF-58D1-4678-9584-EDC8C3624444}.Release|Any CPU.ActiveCfg = Release|Any CPU
		{2AE67BBF-58D1-4678-9584-EDC8C3624444}.Release|Any CPU.Build.0 = Release|Any CPU
		{A1F91B35-B973-4762-A007-56FE6165C1E8}.Debug|Any CPU.ActiveCfg = Debug|Any CPU
		{A1F91B35-B973-4762-A007-56FE6165C1E8}.Debug|Any CPU.Build.0 = Debug|Any CPU
		{A1F91B35-B973-4762-A007-56FE6165C1E8}.Release|Any CPU.ActiveCfg = Release|Any CPU
		{A1F91B35-B973-4762-A007-56FE6165C1E8}.Release|Any CPU.Build.0 = Release|Any CPU
	EndGlobalSection
	GlobalSection(SolutionProperties) = preSolution
		HideSolutionNode = FALSE
	EndGlobalSection
	GlobalSection(NestedProjects) = preSolution
		{F68CBBD8-C34A-415D-BA98-B9E0685EE7AA} = {664E1D71-074C-4CAD-9B37-9F1F3F6D7ADA}
		{B3D09BEE-F115-4967-B3A9-C81A3F73D922} = {F68CBBD8-C34A-415D-BA98-B9E0685EE7AA}
		{BE1AB55C-CF4D-4331-9283-1148A92A3903} = {664E1D71-074C-4CAD-9B37-9F1F3F6D7ADA}
		{0A873A27-7089-46AF-BD3B-E460BBBEFBA0} = {BE1AB55C-CF4D-4331-9283-1148A92A3903}
		{0CC485EA-7BD2-4EE9-9552-B766F5B9C21F} = {664E1D71-074C-4CAD-9B37-9F1F3F6D7ADA}
		{A58BA5A7-6788-4894-8542-DFB7358451B2} = {0CC485EA-7BD2-4EE9-9552-B766F5B9C21F}
		{E8406BEC-816A-430F-85EB-CF77463EEC51} = {0CC485EA-7BD2-4EE9-9552-B766F5B9C21F}
		{F1EA97EB-A447-48EC-8B57-56E83C4B53F4} = {664E1D71-074C-4CAD-9B37-9F1F3F6D7ADA}
		{20D5A78A-20D8-4853-A6C8-CA29AB73F94A} = {F1EA97EB-A447-48EC-8B57-56E83C4B53F4}
		{5CE8C7EC-7466-4D7B-ACFF-27983990272D} = {F1EA97EB-A447-48EC-8B57-56E83C4B53F4}
		{D40A03AD-87B8-4C9F-A346-5E9A765A14AB} = {F1EA97EB-A447-48EC-8B57-56E83C4B53F4}
		{0563878C-DF86-4B34-A8B4-6882EF14D29D} = {F1EA97EB-A447-48EC-8B57-56E83C4B53F4}
		{2A887529-9CF5-492B-B8F1-EF4C06854D4A} = {9198F2D3-0221-45EA-98AA-40F8E0D86E7A}
		{2AE67BBF-58D1-4678-9584-EDC8C3624444} = {FD58A92E-5AA4-41F4-80A3-3EE2431B8823}
		{A1F91B35-B973-4762-A007-56FE6165C1E8} = {FD58A92E-5AA4-41F4-80A3-3EE2431B8823}
	EndGlobalSection
	GlobalSection(ExtensibilityGlobals) = postSolution
		SolutionGuid = {2BD0C71D-BBF7-4B21-AF9E-C14024F02B46}
	EndGlobalSection
EndGlobal
